Microsoft Visual Studio Solution File, Format Version 12.00
# Visual Studio Version 18
VisualStudioVersion = 18.8.11918.235 insiders
MinimumVisualStudioVersion = 10.0.40219.1
Project("{FAE04EC0-301F-11D3-BF4B-00C04F79EFBC}") = "CodexVsix", "CodexVsix\CodexVsix.csproj", "{A18F8A47-6C8E-4F5A-8C7A-52D1D1D9A401}"
EndProject
Project("{2150E333-8FDC-42A3-9474-1A3956D46DE8}") = "Solution Items", "Solution Items", "{7256C64C-1E2A-4DFF-AF92-4B67DDF51B1C}"
	ProjectSection(SolutionItems) = preProject
		AGENTS.md = AGENTS.md
		CHANGELOG.md = CHANGELOG.md
		LICENSE = LICENSE
		README.md = README.md
	EndProjectSection
EndProject
Global
	GlobalSection(SolutionConfigurationPlatforms) = preSolution
		Debug|Any CPU = Debug|Any CPU
		Release|Any CPU = Release|Any CPU
	EndGlobalSection
	GlobalSection(ProjectConfigurationPlatforms) = postSolution
		{A18F8A47-6C8E-4F5A-8C7A-52D1D1D9A401}.Debug|Any CPU.ActiveCfg = Debug|Any CPU
		{A18F8A47-6C8E-4F5A-8C7A-52D1D1D9A401}.Debug|Any CPU.Build.0 = Debug|Any CPU
		{A18F8A47-6C8E-4F5A-8C7A-52D1D1D9A401}.Release|Any CPU.ActiveCfg = Release|Any CPU
		{A18F8A47-6C8E-4F5A-8C7A-52D1D1D9A401}.Release|Any CPU.Build.0 = Release|Any CPU
	EndGlobalSection
	GlobalSection(SolutionProperties) = preSolution
		HideSolutionNode = FALSE
	EndGlobalSection
	GlobalSection(ExtensibilityGlobals) = postSolution
		SolutionGuid = {C5407A45-4046-47B0-9C85-027D0C450062}
	EndGlobalSection
EndGlobal
